
Microsoft Visual Studio Solution File, Format Version 12.00
# Visual Studio Version 16
VisualStudioVersion = 16.0.30503.244
MinimumVisualStudioVersion = 15.0.26124.0
Project("{9A19103F-16F7-4668-BE54-9A1E7A4F7556}") = "SystemType", "Reflection\SystemType\SystemType.csproj", "{9E35CED1-FC17-4F5F-A7DF-DB061E6986B6}"
EndProject
Project("{2150E333-8FDC-42A3-9474-1A3956D46DE8}") = "Reflection", "Reflection", "{2CFC4602-9E23-43F5-81B6-02DA717CCF43}"
EndProject
Project("{9A19103F-16F7-4668-BE54-9A1E7A4F7556}") = "Inspection", "Reflection\Inspection\Inspection.csproj", "{2087574D-9A71-4EFA-AC22-24BF0D75DC07}"
EndProject
Project("{9A19103F-16F7-4668-BE54-9A1E7A4F7556}") = "Construction", "Reflection\Construction\Construction.csproj", "{A6871F78-7711-4928-99F1-A16DFF992BFD}"
EndProject
Project("{9A19103F-16F7-4668-BE54-9A1E7A4F7556}") = "Invocation", "Reflection\Invocation\Invocation.csproj", "{AADF1B7A-3AE7-446B-87E0-C1476614CC93}"
EndProject
Project("{9A19103F-16F7-4668-BE54-9A1E7A4F7556}") = "DelegatesAndEvents", "Reflection\DelegatesAndEvents\DelegatesAndEvents.csproj", "{A2AB1C83-3856-4807-96C3-C34D470AE798}"
EndProject
Project("{9A19103F-16F7-4668-BE54-9A1E7A4F7556}") = "Attibutes", "Reflection\Attibutes\Attibutes.csproj", "{CDE2AFE8-95C1-4971-A2E2-8053B48B43B6}"
EndProject
Project("{2150E333-8FDC-42A3-9474-1A3956D46DE8}") = "Dynamic Programming", "Dynamic Programming", "{BFE59888-A707-4C5A-A85D-2BDE0612F11C}"
EndProject
Project("{9A19103F-16F7-4668-BE54-9A1E7A4F7556}") = "Dynamic", "Dynamic Programming\Dynamic\Dynamic.csproj", "{41A6C37B-9658-419A-9E23-414B9B22A257}"
EndProject
Project("{9A19103F-16F7-4668-BE54-9A1E7A4F7556}") = "DynamicObjectDemo", "Dynamic Programming\DynamicObject\DynamicObjectDemo.csproj", "{DD8632CA-8762-49E6-BB03-779328F3BFD4}"
EndProject
Project("{9A19103F-16F7-4668-BE54-9A1E7A4F7556}") = "DynamicForXMLParsing", "Dynamic Programming\DynamicForXMLParsing\DynamicForXMLParsing.csproj", "{51BAC6D1-5660-4E23-B1A3-5343E4E40E9D}"
EndProject
Project("{9A19103F-16F7-4668-BE54-9A1E7A4F7556}") = "ExpandoObject", "Dynamic Programming\ExpandoObject\ExpandoObject.csproj", "{D20DC7C2-72C1-4317-AA48-E3D30529AE16}"
EndProject
Project("{9A19103F-16F7-4668-BE54-9A1E7A4F7556}") = "VisitorPatternWithDynamicDispatch", "Dynamic Programming\VisitorPatternWithDynamicDispatch\VisitorPatternWithDynamicDispatch.csproj", "{86DDBE12-289F-4444-839F-00756FD3CDE8}"
EndProject
Project("{2150E333-8FDC-42A3-9474-1A3956D46DE8}") = "Extension Methods", "Extension Methods", "{28331C9D-D405-4A8E-8174-9A3002E606DE}"
EndProject
Project("{9A19103F-16F7-4668-BE54-9A1E7A4F7556}") = "ExtensionMethods", "Extension Methods\ExtensionMethods\ExtensionMethods.csproj", "{946CBFCD-D252-4D8E-AA85-C38F38A743F4}"
EndProject
Project("{9A19103F-16F7-4668-BE54-9A1E7A4F7556}") = "ExtensionMethodsAndPerisstence", "Extension Methods\ExtensionMethodsAndPerisstence\ExtensionMethodsAndPerisstence.csproj", "{2C81909C-4E98-4C3B-B164-97ED24A2390A}"
EndProject
Project("{9A19103F-16F7-4668-BE54-9A1E7A4F7556}") = "ExtensionMethodPatterns", "Extension Methods\ExtensionMethodPatterns\ExtensionMethodPatterns.csproj", "{3C582347-10A3-4FA4-AA08-B073615E1362}"
EndProject
Project("{9A19103F-16F7-4668-BE54-9A1E7A4F7556}") = "ExtensionMethodsAndTheMaybeMonad", "Extension Methods\ExtensionMethodsAndTheMaybeMonad\ExtensionMethodsAndTheMaybeMonad.csproj", "{6E911971-F3EE-493A-87A3-4104F6BAF0E6}"
EndProject
Project("{2150E333-8FDC-42A3-9474-1A3956D46DE8}") = "Memory Management", "Memory Management", "{8EACA6E0-29E6-4EBD-B0F8-D30D8D6A5444}"
EndProject
Project("{9A19103F-16F7-4668-BE54-9A1E7A4F7556}") = "InParameters", "Memory Management\InParameters\InParameters.csproj", "{F6385CF3-EFD1-4FE0-9FA4-1409832A724E}"
EndProject
Project("{FAE04EC0-301F-11D3-BF4B-00C04F79EFBC}") = "RefReadonly", "Memory Management\RefReadonly\RefReadonly.csproj", "{5C674227-F8A3-4818-AEA3-95B4520595E8}"
EndProject
Project("{FAE04EC0-301F-11D3-BF4B-00C04F79EFBC}") = "SpanOfT", "Memory Management\SpanOfT\SpanOfT.csproj", "{767FFE61-26F6-4E0B-983C-D65FC92715DD}"
EndProject
Project("{2150E333-8FDC-42A3-9474-1A3956D46DE8}") = "Assorted Topics", "Assorted Topics", "{652F49F7-0DCF-4B21-AE85-A1338E4DDB90}"
EndProject
Project("{FAE04EC0-301F-11D3-BF4B-00C04F79EFBC}") = "Exploiting IDisposable", "Assorted Topics\Exploiting IDisposable\Exploiting IDisposable.csproj", "{92760938-C254-47A0-99D9-06950AC06942}"
EndProject
Project("{FAE04EC0-301F-11D3-BF4B-00C04F79EFBC}") = "ContinuationPassingStyles", "Assorted Topics\ContinuationPassingStyles\ContinuationPassingStyles.csproj", "{72EEB9AC-939A-47DF-9D63-C701457BF6ED}"
EndProject
Project("{FAE04EC0-301F-11D3-BF4B-00C04F79EFBC}") = "LocalInversionOfControl", "Assorted Topics\LocalInversionOfControl\LocalInversionOfControl.csproj", "{DAEB8ECD-EAAC-4EAC-8302-21B1CC96CE1A}"
EndProject
Global
	GlobalSection(SolutionConfigurationPlatforms) = preSolution
		Debug|Any CPU = Debug|Any CPU
		Debug|x64 = Debug|x64
		Debug|x86 = Debug|x86
		Release|Any CPU = Release|Any CPU
		Release|x64 = Release|x64
		Release|x86 = Release|x86
	EndGlobalSection
	GlobalSection(ProjectConfigurationPlatforms) = postSolution
		{9E35CED1-FC17-4F5F-A7DF-DB061E6986B6}.Debug|Any CPU.ActiveCfg = Debug|Any CPU
		{9E35CED1-FC17-4F5F-A7DF-DB061E6986B6}.Debug|Any CPU.Build.0 = Debug|Any CPU
		{9E35CED1-FC17-4F5F-A7DF-DB061E6986B6}.Debug|x64.ActiveCfg = Debug|Any CPU
		{9E35CED1-FC17-4F5F-A7DF-DB061E6986B6}.Debug|x64.Build.0 = Debug|Any CPU
		{9E35CED1-FC17-4F5F-A7DF-DB061E6986B6}.Debug|x86.ActiveCfg = Debug|Any CPU
		{9E35CED1-FC17-4F5F-A7DF-DB061E6986B6}.Debug|x86.Build.0 = Debug|Any CPU
		{9E35CED1-FC17-4F5F-A7DF-DB061E6986B6}.Release|Any CPU.ActiveCfg = Release|Any CPU
		{9E35CED1-FC17-4F5F-A7DF-DB061E6986B6}.Release|Any CPU.Build.0 = Release|Any CPU
		{9E35CED1-FC17-4F5F-A7DF-DB061E6986B6}.Release|x64.ActiveCfg = Release|Any CPU
		{9E35CED1-FC17-4F5F-A7DF-DB061E6986B6}.Release|x64.Build.0 = Release|Any CPU
		{9E35CED1-FC17-4F5F-A7DF-DB061E6986B6}.Release|x86.ActiveCfg = Release|Any CPU
		{9E35CED1-FC17-4F5F-A7DF-DB061E6986B6}.Release|x86.Build.0 = Release|Any CPU
		{2087574D-9A71-4EFA-AC22-24BF0D75DC07}.Debug|Any CPU.ActiveCfg = Debug|Any CPU
		{2087574D-9A71-4EFA-AC22-24BF0D75DC07}.Debug|Any CPU.Build.0 = Debug|Any CPU
		{2087574D-9A71-4EFA-AC22-24BF0D75DC07}.Debug|x64.ActiveCfg = Debug|Any CPU
		{2087574D-9A71-4EFA-AC22-24BF0D75DC07}.Debug|x64.Build.0 = Debug|Any CPU
		{2087574D-9A71-4EFA-AC22-24BF0D75DC07}.Debug|x86.ActiveCfg = Debug|Any CPU
		{2087574D-9A71-4EFA-AC22-24BF0D75DC07}.Debug|x86.Build.0 = Debug|Any CPU
		{2087574D-9A71-4EFA-AC22-24BF0D75DC07}.Release|Any CPU.ActiveCfg = Release|Any CPU
		{2087574D-9A71-4EFA-AC22-24BF0D75DC07}.Release|Any CPU.Build.0 = Release|Any CPU
		{2087574D-9A71-4EFA-AC22-24BF0D75DC07}.Release|x64.ActiveCfg = Release|Any CPU
		{2087574D-9A71-4EFA-AC22-24BF0D75DC07}.Release|x64.Build.0 = Release|Any CPU
		{2087574D-9A71-4EFA-AC22-24BF0D75DC07}.Release|x86.ActiveCfg = Release|Any CPU
		{2087574D-9A71-4EFA-AC22-24BF0D75DC07}.Release|x86.Build.0 = Release|Any CPU
		{A6871F78-7711-4928-99F1-A16DFF992BFD}.Debug|Any CPU.ActiveCfg = Debug|Any CPU
		{A6871F78-7711-4928-99F1-A16DFF992BFD}.Debug|Any CPU.Build.0 = Debug|Any CPU
		{A6871F78-7711-4928-99F1-A16DFF992BFD}.Debug|x64.ActiveCfg = Debug|Any CPU
		{A6871F78-7711-4928-99F1-A16DFF992BFD}.Debug|x64.Build.0 = Debug|Any CPU
		{A6871F78-7711-4928-99F1-A16DFF992BFD}.Debug|x86.ActiveCfg = Debug|Any CPU
		{A6871F78-7711-4928-99F1-A16DFF992BFD}.Debug|x86.Build.0 = Debug|Any CPU
		{A6871F78-7711-4928-99F1-A16DFF992BFD}.Release|Any CPU.ActiveCfg = Release|Any CPU
		{A6871F78-7711-4928-99F1-A16DFF992BFD}.Release|Any CPU.Build.0 = Release|Any CPU
		{A6871F78-7711-4928-99F1-A16DFF992BFD}.Release|x64.ActiveCfg = Release|Any CPU
		{A6871F78-7711-4928-99F1-A16DFF992BFD}.Release|x64.Build.0 = Release|Any CPU
		{A6871F78-7711-4928-99F1-A16DFF992BFD}.Release|x86.ActiveCfg = Release|Any CPU
		{A6871F78-7711-4928-99F1-A16DFF992BFD}.Release|x86.Build.0 = Release|Any CPU
		{AADF1B7A-3AE7-446B-87E0-C1476614CC93}.Debug|Any CPU.ActiveCfg = Debug|Any CPU
		{AADF1B7A-3AE7-446B-87E0-C1476614CC93}.Debug|Any CPU.Build.0 = Debug|Any CPU
		{AADF1B7A-3AE7-446B-87E0-C1476614CC93}.Debug|x64.ActiveCfg = Debug|Any CPU
		{AADF1B7A-3AE7-446B-87E0-C1476614CC93}.Debug|x64.Build.0 = Debug|Any CPU
		{AADF1B7A-3AE7-446B-87E0-C1476614CC93}.Debug|x86.ActiveCfg = Debug|Any CPU
		{AADF1B7A-3AE7-446B-87E0-C1476614CC93}.Debug|x86.Build.0 = Debug|Any CPU
		{AADF1B7A-3AE7-446B-87E0-C1476614CC93}.Release|Any CPU.ActiveCfg = Release|Any CPU
		{AADF1B7A-3AE7-446B-87E0-C1476614CC93}.Release|Any CPU.Build.0 = Release|Any CPU
		{AADF1B7A-3AE7-446B-87E0-C1476614CC93}.Release|x64.ActiveCfg = Release|Any CPU
		{AADF1B7A-3AE7-446B-87E0-C1476614CC93}.Release|x64.Build.0 = Release|Any CPU
		{AADF1B7A-3AE7-446B-87E0-C1476614CC93}.Release|x86.ActiveCfg = Release|Any CPU
		{AADF1B7A-3AE7-446B-87E0-C1476614CC93}.Release|x86.Build.0 = Release|Any CPU
		{A2AB1C83-3856-4807-96C3-C34D470AE798}.Debug|Any CPU.ActiveCfg = Debug|Any CPU
		{A2AB1C83-3856-4807-96C3-C34D470AE798}.Debug|Any CPU.Build.0 = Debug|Any CPU
		{A2AB1C83-3856-4807-96C3-C34D470AE798}.Debug|x64.ActiveCfg = Debug|Any CPU
		{A2AB1C83-3856-4807-96C3-C34D470AE798}.Debug|x64.Build.0 = Debug|Any CPU
		{A2AB1C83-3856-4807-96C3-C34D470AE798}.Debug|x86.ActiveCfg = Debug|Any CPU
		{A2AB1C83-3856-4807-96C3-C34D470AE798}.Debug|x86.Build.0 = Debug|Any CPU
		{A2AB1C83-3856-4807-96C3-C34D470AE798}.Release|Any CPU.ActiveCfg = Release|Any CPU
		{A2AB1C83-3856-4807-96C3-C34D470AE798}.Release|Any CPU.Build.0 = Release|Any CPU
		{A2AB1C83-3856-4807-96C3-C34D470AE798}.Release|x64.ActiveCfg = Release|Any CPU
		{A2AB1C83-3856-4807-96C3-C34D470AE798}.Release|x64.Build.0 = Release|Any CPU
		{A2AB1C83-3856-4807-96C3-C34D470AE798}.Release|x86.ActiveCfg = Release|Any CPU
		{A2AB1C83-3856-4807-96C3-C34D470AE798}.Release|x86.Build.0 = Release|Any CPU
		{CDE2AFE8-95C1-4971-A2E2-8053B48B43B6}.Debug|Any CPU.ActiveCfg = Debug|Any CPU
		{CDE2AFE8-95C1-4971-A2E2-8053B48B43B6}.Debug|Any CPU.Build.0 = Debug|Any CPU
		{CDE2AFE8-95C1-4971-A2E2-8053B48B43B6}.Debug|x64.ActiveCfg = Debug|Any CPU
		{CDE2AFE8-95C1-4971-A2E2-8053B48B43B6}.Debug|x64.Build.0 = Debug|Any CPU
		{CDE2AFE8-95C1-4971-A2E2-8053B48B43B6}.Debug|x86.ActiveCfg = Debug|Any CPU
		{CDE2AFE8-95C1-4971-A2E2-8053B48B43B6}.Debug|x86.Build.0 = Debug|Any CPU
		{CDE2AFE8-95C1-4971-A2E2-8053B48B43B6}.Release|Any CPU.ActiveCfg = Release|Any CPU
		{CDE2AFE8-95C1-4971-A2E2-8053B48B43B6}.Release|Any CPU.Build.0 = Release|Any CPU
		{CDE2AFE8-95C1-4971-A2E2-8053B48B43B6}.Release|x64.ActiveCfg = Release|Any CPU
		{CDE2AFE8-95C1-4971-A2E2-8053B48B43B6}.Release|x64.Build.0 = Release|Any CPU
		{CDE2AFE8-95C1-4971-A2E2-8053B48B43B6}.Release|x86.ActiveCfg = Release|Any CPU
		{CDE2AFE8-95C1-4971-A2E2-8053B48B43B6}.Release|x86.Build.0 = Release|Any CPU
		{41A6C37B-9658-419A-9E23-414B9B22A257}.Debug|Any CPU.ActiveCfg = Debug|Any CPU
		{41A6C37B-9658-419A-9E23-414B9B22A257}.Debug|Any CPU.Build.0 = Debug|Any CPU
		{41A6C37B-9658-419A-9E23-414B9B22A257}.Debug|x64.ActiveCfg = Debug|Any CPU
		{41A6C37B-9658-419A-9E23-414B9B22A257}.Debug|x64.Build.0 = Debug|Any CPU
		{41A6C37B-9658-419A-9E23-414B9B22A257}.Debug|x86.ActiveCfg = Debug|Any CPU
		{41A6C37B-9658-419A-9E23-414B9B22A257}.Debug|x86.Build.0 = Debug|Any CPU
		{41A6C37B-9658-419A-9E23-414B9B22A257}.Release|Any CPU.ActiveCfg = Release|Any CPU
		{41A6C37B-9658-419A-9E23-414B9B22A257}.Release|Any CPU.Build.0 = Release|Any CPU
		{41A6C37B-9658-419A-9E23-414B9B22A257}.Release|x64.ActiveCfg = Release|Any CPU
		{41A6C37B-9658-419A-9E23-414B9B22A257}.Release|x64.Build.0 = Release|Any CPU
		{41A6C37B-9658-419A-9E23-414B9B22A257}.Release|x86.ActiveCfg = Release|Any CPU
		{41A6C37B-9658-419A-9E23-414B9B22A257}.Release|x86.Build.0 = Release|Any CPU
		{DD8632CA-8762-49E6-BB03-779328F3BFD4}.Debug|Any CPU.ActiveCfg = Debug|Any CPU
		{DD8632CA-8762-49E6-BB03-779328F3BFD4}.Debug|Any CPU.Build.0 = Debug|Any CPU
		{DD8632CA-8762-49E6-BB03-779328F3BFD4}.Debug|x64.ActiveCfg = Debug|Any CPU
		{DD8632CA-8762-49E6-BB03-779328F3BFD4}.Debug|x64.Build.0 = Debug|Any CPU
		{DD8632CA-8762-49E6-BB03-779328F3BFD4}.Debug|x86.ActiveCfg = Debug|Any CPU
		{DD8632CA-8762-49E6-BB03-779328F3BFD4}.Debug|x86.Build.0 = Debug|Any CPU
		{DD8632CA-8762-49E6-BB03-779328F3BFD4}.Release|Any CPU.ActiveCfg = Release|Any CPU
		{DD8632CA-8762-49E6-BB03-779328F3BFD4}.Release|Any CPU.Build.0 = Release|Any CPU
		{DD8632CA-8762-49E6-BB03-779328F3BFD4}.Release|x64.ActiveCfg = Release|Any CPU
		{DD8632CA-8762-49E6-BB03-779328F3BFD4}.Release|x64.Build.0 = Release|Any CPU
		{DD8632CA-8762-49E6-BB03-779328F3BFD4}.Release|x86.ActiveCfg = Release|Any CPU
		{DD8632CA-8762-49E6-BB03-779328F3BFD4}.Release|x86.Build.0 = Release|Any CPU
		{51BAC6D1-5660-4E23-B1A3-5343E4E40E9D}.Debug|Any CPU.ActiveCfg = Debug|Any CPU
		{51BAC6D1-5660-4E23-B1A3-5343E4E40E9D}.Debug|Any CPU.Build.0 = Debug|Any CPU
		{51BAC6D1-5660-4E23-B1A3-5343E4E40E9D}.Debug|x64.ActiveCfg = Debug|Any CPU
		{51BAC6D1-5660-4E23-B1A3-5343E4E40E9D}.Debug|x64.Build.0 = Debug|Any CPU
		{51BAC6D1-5660-4E23-B1A3-5343E4E40E9D}.Debug|x86.ActiveCfg = Debug|Any CPU
		{51BAC6D1-5660-4E23-B1A3-5343E4E40E9D}.Debug|x86.Build.0 = Debug|Any CPU
		{51BAC6D1-5660-4E23-B1A3-5343E4E40E9D}.Release|Any CPU.ActiveCfg = Release|Any CPU
		{51BAC6D1-5660-4E23-B1A3-5343E4E40E9D}.Release|Any CPU.Build.0 = Release|Any CPU
		{51BAC6D1-5660-4E23-B1A3-5343E4E40E9D}.Release|x64.ActiveCfg = Release|Any CPU
		{51BAC6D1-5660-4E23-B1A3-5343E4E40E9D}.Release|x64.Build.0 = Release|Any CPU
		{51BAC6D1-5660-4E23-B1A3-5343E4E40E9D}.Release|x86.ActiveCfg = Release|Any CPU
		{51BAC6D1-5660-4E23-B1A3-5343E4E40E9D}.Release|x86.Build.0 = Release|Any CPU
		{D20DC7C2-72C1-4317-AA48-E3D30529AE16}.Debug|Any CPU.ActiveCfg = Debug|Any CPU
		{D20DC7C2-72C1-4317-AA48-E3D30529AE16}.Debug|Any CPU.Build.0 = Debug|Any CPU
		{D20DC7C2-72C1-4317-AA48-E3D30529AE16}.Debug|x64.ActiveCfg = Debug|Any CPU
		{D20DC7C2-72C1-4317-AA48-E3D30529AE16}.Debug|x64.Build.0 = Debug|Any CPU
		{D20DC7C2-72C1-4317-AA48-E3D30529AE16}.Debug|x86.ActiveCfg = Debug|Any CPU
		{D20DC7C2-72C1-4317-AA48-E3D30529AE16}.Debug|x86.Build.0 = Debug|Any CPU
		{D20DC7C2-72C1-4317-AA48-E3D30529AE16}.Release|Any CPU.ActiveCfg = Release|Any CPU
		{D20DC7C2-72C1-4317-AA48-E3D30529AE16}.Release|Any CPU.Build.0 = Release|Any CPU
		{D20DC7C2-72C1-4317-AA48-E3D30529AE16}.Release|x64.ActiveCfg = Release|Any CPU
		{D20DC7C2-72C1-4317-AA48-E3D30529AE16}.Release|x64.Build.0 = Release|Any CPU
		{D20DC7C2-72C1-4317-AA48-E3D30529AE16}.Release|x86.ActiveCfg = Release|Any CPU
		{D20DC7C2-72C1-4317-AA48-E3D30529AE16}.Release|x86.Build.0 = Release|Any CPU
		{86DDBE12-289F-4444-839F-00756FD3CDE8}.Debug|Any CPU.ActiveCfg = Debug|Any CPU
		{86DDBE12-289F-4444-839F-00756FD3CDE8}.Debug|Any CPU.Build.0 = Debug|Any CPU
		{86DDBE12-289F-4444-839F-00756FD3CDE8}.Debug|x64.ActiveCfg = Debug|Any CPU
		{86DDBE12-289F-4444-839F-00756FD3CDE8}.Debug|x64.Build.0 = Debug|Any CPU
		{86DDBE12-289F-4444-839F-00756FD3CDE8}.Debug|x86.ActiveCfg = Debug|Any CPU
		{86DDBE12-289F-4444-839F-00756FD3CDE8}.Debug|x86.Build.0 = Debug|Any CPU
		{86DDBE12-289F-4444-839F-00756FD3CDE8}.Release|Any CPU.ActiveCfg = Release|Any CPU
		{86DDBE12-289F-4444-839F-00756FD3CDE8}.Release|Any CPU.Build.0 = Release|Any CPU
		{86DDBE12-289F-4444-839F-00756FD3CDE8}.Release|x64.ActiveCfg = Release|Any CPU
		{86DDBE12-289F-4444-839F-00756FD3CDE8}.Release|x64.Build.0 = Release|Any CPU
		{86DDBE12-289F-4444-839F-00756FD3CDE8}.Release|x86.ActiveCfg = Release|Any CPU
		{86DDBE12-289F-4444-839F-00756FD3CDE8}.Release|x86.Build.0 = Release|Any CPU
		{946CBFCD-D252-4D8E-AA85-C38F38A743F4}.Debug|Any CPU.ActiveCfg = Debug|Any CPU
		{946CBFCD-D252-4D8E-AA85-C38F38A743F4}.Debug|Any CPU.Build.0 = Debug|Any CPU
		{946CBFCD-D252-4D8E-AA85-C38F38A743F4}.Debug|x64.ActiveCfg = Debug|Any CPU
		{946CBFCD-D252-4D8E-AA85-C38F38A743F4}.Debug|x64.Build.0 = Debug|Any CPU
		{946CBFCD-D252-4D8E-AA85-C38F38A743F4}.Debug|x86.ActiveCfg = Debug|Any CPU
		{946CBFCD-D252-4D8E-AA85-C38F38A743F4}.Debug|x86.Build.0 = Debug|Any CPU
		{946CBFCD-D252-4D8E-AA85-C38F38A743F4}.Release|Any CPU.ActiveCfg = Release|Any CPU
		{946CBFCD-D252-4D8E-AA85-C38F38A743F4}.Release|Any CPU.Build.0 = Release|Any CPU
		{946CBFCD-D252-4D8E-AA85-C38F38A743F4}.Release|x64.ActiveCfg = Release|Any CPU
		{946CBFCD-D252-4D8E-AA85-C38F38A743F4}.Release|x64.Build.0 = Release|Any CPU
		{946CBFCD-D252-4D8E-AA85-C38F38A743F4}.Release|x86.ActiveCfg = Release|Any CPU
		{946CBFCD-D252-4D8E-AA85-C38F38A743F4}.Release|x86.Build.0 = Release|Any CPU
		{2C81909C-4E98-4C3B-B164-97ED24A2390A}.Debug|Any CPU.ActiveCfg = Debug|Any CPU
		{2C81909C-4E98-4C3B-B164-97ED24A2390A}.Debug|Any CPU.Build.0 = Debug|Any CPU
		{2C81909C-4E98-4C3B-B164-97ED24A2390A}.Debug|x64.ActiveCfg = Debug|Any CPU
		{2C81909C-4E98-4C3B-B164-97ED24A2390A}.Debug|x64.Build.0 = Debug|Any CPU
		{2C81909C-4E98-4C3B-B164-97ED24A2390A}.Debug|x86.ActiveCfg = Debug|Any CPU
		{2C81909C-4E98-4C3B-B164-97ED24A2390A}.Debug|x86.Build.0 = Debug|Any CPU
		{2C81909C-4E98-4C3B-B164-97ED24A2390A}.Release|Any CPU.ActiveCfg = Release|Any CPU
		{2C81909C-4E98-4C3B-B164-97ED24A2390A}.Release|Any CPU.Build.0 = Release|Any CPU
		{2C81909C-4E98-4C3B-B164-97ED24A2390A}.Release|x64.ActiveCfg = Release|Any CPU
		{2C81909C-4E98-4C3B-B164-97ED24A2390A}.Release|x64.Build.0 = Release|Any CPU
		{2C81909C-4E98-4C3B-B164-97ED24A2390A}.Release|x86.ActiveCfg = Release|Any CPU
		{2C81909C-4E98-4C3B-B164-97ED24A2390A}.Release|x86.Build.0 = Release|Any CPU
		{3C582347-10A3-4FA4-AA08-B073615E1362}.Debug|Any CPU.ActiveCfg = Debug|Any CPU
		{3C582347-10A3-4FA4-AA08-B073615E1362}.Debug|Any CPU.Build.0 = Debug|Any CPU
		{3C582347-10A3-4FA4-AA08-B073615E1362}.Debug|x64.ActiveCfg = Debug|Any CPU
		{3C582347-10A3-4FA4-AA08-B073615E1362}.Debug|x64.Build.0 = Debug|Any CPU
		{3C582347-10A3-4FA4-AA08-B073615E1362}.Debug|x86.ActiveCfg = Debug|Any CPU
		{3C582347-10A3-4FA4-AA08-B073615E1362}.Debug|x86.Build.0 = Debug|Any CPU
		{3C582347-10A3-4FA4-AA08-B073615E1362}.Release|Any CPU.ActiveCfg = Release|Any CPU
		{3C582347-10A3-4FA4-AA08-B073615E1362}.Release|Any CPU.Build.0 = Release|Any CPU
		{3C582347-10A3-4FA4-AA08-B073615E1362}.Release|x64.ActiveCfg = Release|Any CPU
		{3C582347-10A3-4FA4-AA08-B073615E1362}.Release|x64.Build.0 = Release|Any CPU
		{3C582347-10A3-4FA4-AA08-B073615E1362}.Release|x86.ActiveCfg = Release|Any CPU
		{3C582347-10A3-4FA4-AA08-B073615E1362}.Release|x86.Build.0 = Release|Any CPU
		{6E911971-F3EE-493A-87A3-4104F6BAF0E6}.Debug|Any CPU.ActiveCfg = Debug|Any CPU
		{6E911971-F3EE-493A-87A3-4104F6BAF0E6}.Debug|Any CPU.Build.0 = Debug|Any CPU
		{6E911971-F3EE-493A-87A3-4104F6BAF0E6}.Debug|x64.ActiveCfg = Debug|Any CPU
		{6E911971-F3EE-493A-87A3-4104F6BAF0E6}.Debug|x64.Build.0 = Debug|Any CPU
		{6E911971-F3EE-493A-87A3-4104F6BAF0E6}.Debug|x86.ActiveCfg = Debug|Any CPU
		{6E911971-F3EE-493A-87A3-4104F6BAF0E6}.Debug|x86.Build.0 = Debug|Any CPU
		{6E911971-F3EE-493A-87A3-4104F6BAF0E6}.Release|Any CPU.ActiveCfg = Release|Any CPU
		{6E911971-F3EE-493A-87A3-4104F6BAF0E6}.Release|Any CPU.Build.0 = Release|Any CPU
		{6E911971-F3EE-493A-87A3-4104F6BAF0E6}.Release|x64.ActiveCfg = Release|Any CPU
		{6E911971-F3EE-493A-87A3-4104F6BAF0E6}.Release|x64.Build.0 = Release|Any CPU
		{6E911971-F3EE-493A-87A3-4104F6BAF0E6}.Release|x86.ActiveCfg = Release|Any CPU
		{6E911971-F3EE-493A-87A3-4104F6BAF0E6}.Release|x86.Build.0 = Release|Any CPU
		{F6385CF3-EFD1-4FE0-9FA4-1409832A724E}.Debug|Any CPU.ActiveCfg = Debug|Any CPU
		{F6385CF3-EFD1-4FE0-9FA4-1409832A724E}.Debug|Any CPU.Build.0 = Debug|Any CPU
		{F6385CF3-EFD1-4FE0-9FA4-1409832A724E}.Debug|x64.ActiveCfg = Debug|Any CPU
		{F6385CF3-EFD1-4FE0-9FA4-1409832A724E}.Debug|x64.Build.0 = Debug|Any CPU
		{F6385CF3-EFD1-4FE0-9FA4-1409832A724E}.Debug|x86.ActiveCfg = Debug|Any CPU
		{F6385CF3-EFD1-4FE0-9FA4-1409832A724E}.Debug|x86.Build.0 = Debug|Any CPU
		{F6385CF3-EFD1-4FE0-9FA4-1409832A724E}.Release|Any CPU.ActiveCfg = Release|Any CPU
		{F6385CF3-EFD1-4FE0-9FA4-1409832A724E}.Release|Any CPU.Build.0 = Release|Any CPU
		{F6385CF3-EFD1-4FE0-9FA4-1409832A724E}.Release|x64.ActiveCfg = Release|Any CPU
		{F6385CF3-EFD1-4FE0-9FA4-1409832A724E}.Release|x64.Build.0 = Release|Any CPU
		{F6385CF3-EFD1-4FE0-9FA4-1409832A724E}.Release|x86.ActiveCfg = Release|Any CPU
		{F6385CF3-EFD1-4FE0-9FA4-1409832A724E}.Release|x86.Build.0 = Release|Any CPU
		{5C674227-F8A3-4818-AEA3-95B4520595E8}.Debug|Any CPU.ActiveCfg = Debug|Any CPU
		{5C674227-F8A3-4818-AEA3-95B4520595E8}.Debug|Any CPU.Build.0 = Debug|Any CPU
		{5C674227-F8A3-4818-AEA3-95B4520595E8}.Debug|x64.ActiveCfg = Debug|Any CPU
		{5C674227-F8A3-4818-AEA3-95B4520595E8}.Debug|x64.Build.0 = Debug|Any CPU
		{5C674227-F8A3-4818-AEA3-95B4520595E8}.Debug|x86.ActiveCfg = Debug|Any CPU
		{5C674227-F8A3-4818-AEA3-95B4520595E8}.Debug|x86.Build.0 = Debug|Any CPU
		{5C674227-F8A3-4818-AEA3-95B4520595E8}.Release|Any CPU.ActiveCfg = Release|Any CPU
		{5C674227-F8A3-4818-AEA3-95B4520595E8}.Release|Any CPU.Build.0 = Release|Any CPU
		{5C674227-F8A3-4818-AEA3-95B4520595E8}.Release|x64.ActiveCfg = Release|Any CPU
		{5C674227-F8A3-4818-AEA3-95B4520595E8}.Release|x64.Build.0 = Release|Any CPU
		{5C674227-F8A3-4818-AEA3-95B4520595E8}.Release|x86.ActiveCfg = Release|Any CPU
		{5C674227-F8A3-4818-AEA3-95B4520595E8}.Release|x86.Build.0 = Release|Any CPU
		{767FFE61-26F6-4E0B-983C-D65FC92715DD}.Debug|Any CPU.ActiveCfg = Debug|Any CPU
		{767FFE61-26F6-4E0B-983C-D65FC92715DD}.Debug|Any CPU.Build.0 = Debug|Any CPU
		{767FFE61-26F6-4E0B-983C-D65FC92715DD}.Debug|x64.ActiveCfg = Debug|Any CPU
		{767FFE61-26F6-4E0B-983C-D65FC92715DD}.Debug|x64.Build.0 = Debug|Any CPU
		{767FFE61-26F6-4E0B-983C-D65FC92715DD}.Debug|x86.ActiveCfg = Debug|Any CPU
		{767FFE61-26F6-4E0B-983C-D65FC92715DD}.Debug|x86.Build.0 = Debug|Any CPU
		{767FFE61-26F6-4E0B-983C-D65FC92715DD}.Release|Any CPU.ActiveCfg = Release|Any CPU
		{767FFE61-26F6-4E0B-983C-D65FC92715DD}.Release|Any CPU.Build.0 = Release|Any CPU
		{767FFE61-26F6-4E0B-983C-D65FC92715DD}.Release|x64.ActiveCfg = Release|Any CPU
		{767FFE61-26F6-4E0B-983C-D65FC92715DD}.Release|x64.Build.0 = Release|Any CPU
		{767FFE61-26F6-4E0B-983C-D65FC92715DD}.Release|x86.ActiveCfg = Release|Any CPU
		{767FFE61-26F6-4E0B-983C-D65FC92715DD}.Release|x86.Build.0 = Release|Any CPU
		{92760938-C254-47A0-99D9-06950AC06942}.Debug|Any CPU.ActiveCfg = Debug|Any CPU
		{92760938-C254-47A0-99D9-06950AC06942}.Debug|Any CPU.Build.0 = Debug|Any CPU
		{92760938-C254-47A0-99D9-06950AC06942}.Debug|x64.ActiveCfg = Debug|Any CPU
		{92760938-C254-47A0-99D9-06950AC06942}.Debug|x64.Build.0 = Debug|Any CPU
		{92760938-C254-47A0-99D9-06950AC06942}.Debug|x86.ActiveCfg = Debug|Any CPU
		{92760938-C254-47A0-99D9-06950AC06942}.Debug|x86.Build.0 = Debug|Any CPU
		{92760938-C254-47A0-99D9-06950AC06942}.Release|Any CPU.ActiveCfg = Release|Any CPU
		{92760938-C254-47A0-99D9-06950AC06942}.Release|Any CPU.Build.0 = Release|Any CPU
		{92760938-C254-47A0-99D9-06950AC06942}.Release|x64.ActiveCfg = Release|Any CPU
		{92760938-C254-47A0-99D9-06950AC06942}.Release|x64.Build.0 = Release|Any CPU
		{92760938-C254-47A0-99D9-06950AC06942}.Release|x86.ActiveCfg = Release|Any CPU
		{92760938-C254-47A0-99D9-06950AC06942}.Release|x86.Build.0 = Release|Any CPU
		{72EEB9AC-939A-47DF-9D63-C701457BF6ED}.Debug|Any CPU.ActiveCfg = Debug|Any CPU
		{72EEB9AC-939A-47DF-9D63-C701457BF6ED}.Debug|Any CPU.Build.0 = Debug|Any CPU
		{72EEB9AC-939A-47DF-9D63-C701457BF6ED}.Debug|x64.ActiveCfg = Debug|Any CPU
		{72EEB9AC-939A-47DF-9D63-C701457BF6ED}.Debug|x64.Build.0 = Debug|Any CPU
		{72EEB9AC-939A-47DF-9D63-C701457BF6ED}.Debug|x86.ActiveCfg = Debug|Any CPU
		{72EEB9AC-939A-47DF-9D63-C701457BF6ED}.Debug|x86.Build.0 = Debug|Any CPU
		{72EEB9AC-939A-47DF-9D63-C701457BF6ED}.Release|Any CPU.ActiveCfg = Release|Any CPU
		{72EEB9AC-939A-47DF-9D63-C701457BF6ED}.Release|Any CPU.Build.0 = Release|Any CPU
		{72EEB9AC-939A-47DF-9D63-C701457BF6ED}.Release|x64.ActiveCfg = Release|Any CPU
		{72EEB9AC-939A-47DF-9D63-C701457BF6ED}.Release|x64.Build.0 = Release|Any CPU
		{72EEB9AC-939A-47DF-9D63-C701457BF6ED}.Release|x86.ActiveCfg = Release|Any CPU
		{72EEB9AC-939A-47DF-9D63-C701457BF6ED}.Release|x86.Build.0 = Release|Any CPU
		{DAEB8ECD-EAAC-4EAC-8302-21B1CC96CE1A}.Debug|Any CPU.ActiveCfg = Debug|Any CPU
		{DAEB8ECD-EAAC-4EAC-8302-21B1CC96CE1A}.Debug|Any CPU.Build.0 = Debug|Any CPU
		{DAEB8ECD-EAAC-4EAC-8302-21B1CC96CE1A}.Debug|x64.ActiveCfg = Debug|Any CPU
		{DAEB8ECD-EAAC-4EAC-8302-21B1CC96CE1A}.Debug|x64.Build.0 = Debug|Any CPU
		{DAEB8ECD-EAAC-4EAC-8302-21B1CC96CE1A}.Debug|x86.ActiveCfg = Debug|Any CPU
		{DAEB8ECD-EAAC-4EAC-8302-21B1CC96CE1A}.Debug|x86.Build.0 = Debug|Any CPU
		{DAEB8ECD-EAAC-4EAC-8302-21B1CC96CE1A}.Release|Any CPU.ActiveCfg = Release|Any CPU
		{DAEB8ECD-EAAC-4EAC-8302-21B1CC96CE1A}.Release|Any CPU.Build.0 = Release|Any CPU
		{DAEB8ECD-EAAC-4EAC-8302-21B1CC96CE1A}.Release|x64.ActiveCfg = Release|Any CPU
		{DAEB8ECD-EAAC-4EAC-8302-21B1CC96CE1A}.Release|x64.Build.0 = Release|Any CPU
		{DAEB8ECD-EAAC-4EAC-8302-21B1CC96CE1A}.Release|x86.ActiveCfg = Release|Any CPU
		{DAEB8ECD-EAAC-4EAC-8302-21B1CC96CE1A}.Release|x86.Build.0 = Release|Any CPU
	EndGlobalSection
	GlobalSection(SolutionProperties) = preSolution
		HideSolutionNode = FALSE
	EndGlobalSection
	GlobalSection(NestedProjects) = preSolution
		{9E35CED1-FC17-4F5F-A7DF-DB061E6986B6} = {2CFC4602-9E23-43F5-81B6-02DA717CCF43}
		{2087574D-9A71-4EFA-AC22-24BF0D75DC07} = {2CFC4602-9E23-43F5-81B6-02DA717CCF43}
		{A6871F78-7711-4928-99F1-A16DFF992BFD} = {2CFC4602-9E23-43F5-81B6-02DA717CCF43}
		{AADF1B7A-3AE7-446B-87E0-C1476614CC93} = {2CFC4602-9E23-43F5-81B6-02DA717CCF43}
		{A2AB1C83-3856-4807-96C3-C34D470AE798} = {2CFC4602-9E23-43F5-81B6-02DA717CCF43}
		{CDE2AFE8-95C1-4971-A2E2-8053B48B43B6} = {2CFC4602-9E23-43F5-81B6-02DA717CCF43}
		{41A6C37B-9658-419A-9E23-414B9B22A257} = {BFE59888-A707-4C5A-A85D-2BDE0612F11C}
		{DD8632CA-8762-49E6-BB03-779328F3BFD4} = {BFE59888-A707-4C5A-A85D-2BDE0612F11C}
		{51BAC6D1-5660-4E23-B1A3-5343E4E40E9D} = {BFE59888-A707-4C5A-A85D-2BDE0612F11C}
		{D20DC7C2-72C1-4317-AA48-E3D30529AE16} = {BFE59888-A707-4C5A-A85D-2BDE0612F11C}
		{86DDBE12-289F-4444-839F-00756FD3CDE8} = {BFE59888-A707-4C5A-A85D-2BDE0612F11C}
		{946CBFCD-D252-4D8E-AA85-C38F38A743F4} = {28331C9D-D405-4A8E-8174-9A3002E606DE}
		{2C81909C-4E98-4C3B-B164-97ED24A2390A} = {28331C9D-D405-4A8E-8174-9A3002E606DE}
		{3C582347-10A3-4FA4-AA08-B073615E1362} = {28331C9D-D405-4A8E-8174-9A3002E606DE}
		{6E911971-F3EE-493A-87A3-4104F6BAF0E6} = {28331C9D-D405-4A8E-8174-9A3002E606DE}
		{F6385CF3-EFD1-4FE0-9FA4-1409832A724E} = {8EACA6E0-29E6-4EBD-B0F8-D30D8D6A5444}
		{5C674227-F8A3-4818-AEA3-95B4520595E8} = {8EACA6E0-29E6-4EBD-B0F8-D30D8D6A5444}
		{767FFE61-26F6-4E0B-983C-D65FC92715DD} = {8EACA6E0-29E6-4EBD-B0F8-D30D8D6A5444}
		{92760938-C254-47A0-99D9-06950AC06942} = {652F49F7-0DCF-4B21-AE85-A1338E4DDB90}
		{72EEB9AC-939A-47DF-9D63-C701457BF6ED} = {652F49F7-0DCF-4B21-AE85-A1338E4DDB90}
		{DAEB8ECD-EAAC-4EAC-8302-21B1CC96CE1A} = {652F49F7-0DCF-4B21-AE85-A1338E4DDB90}
	EndGlobalSection
	GlobalSection(ExtensibilityGlobals) = postSolution
		SolutionGuid = {9F6BAEE1-2825-42EB-8E58-8D5E05F907DE}
	EndGlobalSection
EndGlobal
